
Microsoft Visual Studio Solution File, Format Version 12.00
# Visual Studio 15
VisualStudioVersion = 15.0.28307.271
MinimumVisualStudioVersion = 10.0.40219.1
Project("{FAE04EC0-301F-11D3-BF4B-00C04F79EFBC}") = "Task3-fractionsClass", "Task3-fractionsClass\Task3-fractionsClass.csproj", "{4812481F-DBC1-468C-A56A-4E3D028AB635}"
EndProject
Project("{FAE04EC0-301F-11D3-BF4B-00C04F79EFBC}") = "Task2-oddSum", "Task2-oddSum\Task2-oddSum.csproj", "{7BA2F59A-84DC-48F5-999B-E9F22BAF2611}"
EndProject
Global
	GlobalSection(SolutionConfigurationPlatforms) = preSolution
		Debug|Any CPU = Debug|Any CPU
		Release|Any CPU = Release|Any CPU
	EndGlobalSection
	GlobalSection(ProjectConfigurationPlatforms) = postSolution
		{4812481F-DBC1-468C-A56A-4E3D028AB635}.Debug|Any CPU.ActiveCfg = Debug|Any CPU
		{4812481F-DBC1-468C-A56A-4E3D028AB635}.Debug|Any CPU.Build.0 = Debug|Any CPU
		{4812481F-DBC1-468C-A56A-4E3D028AB635}.Release|Any CPU.ActiveCfg = Release|Any CPU
		{4812481F-DBC1-468C-A56A-4E3D028AB635}.Release|Any CPU.Build.0 = Release|Any CPU
		{7BA2F59A-84DC-48F5-999B-E9F22BAF2611}.Debug|Any CPU.ActiveCfg = Debug|Any CPU
		{7BA2F59A-84DC-48F5-999B-E9F22BAF2611}.Debug|Any CPU.Build.0 = Debug|Any CPU
		{7BA2F59A-84DC-48F5-999B-E9F22BAF2611}.Release|Any CPU.ActiveCfg = Release|Any CPU
		{7BA2F59A-84DC-48F5-999B-E9F22BAF2611}.Release|Any CPU.Build.0 = Release|Any CPU
	EndGlobalSection
	GlobalSection(SolutionProperties) = preSolution
		HideSolutionNode = FALSE
	EndGlobalSection
	GlobalSection(ExtensibilityGlobals) = postSolution
		SolutionGuid = {E92692DF-030C-4B65-AE84-695BEBF007BF}
	EndGlobalSection
EndGlobal
